// !$*UTF8*$!
{
	archiveVersion = 1;
	classes = {
	};
	objectVersion = 50;
	objects = {

/* Begin PBXBuildFile section */
		2F53F43026274281006C1911 /* AppDelegate.swift in Sources */ = {isa = PBXBuildFile; fileRef = 2F53F42F26274281006C1911 /* AppDelegate.swift */; };
		2F53F43226274281006C1911 /* SceneDelegate.swift in Sources */ = {isa = PBXBuildFile; fileRef = 2F53F43126274281006C1911 /* SceneDelegate.swift */; };
		2F53F43726274281006C1911 /* Main.storyboard in Resources */ = {isa = PBXBuildFile; fileRef = 2F53F43526274281006C1911 /* Main.storyboard */; };
		2F53F43926274286006C1911 /* Assets.xcassets in Resources */ = {isa = PBXBuildFile; fileRef = 2F53F43826274286006C1911 /* Assets.xcassets */; };
		2F53F43C26274286006C1911 /* LaunchScreen.storyboard in Resources */ = {isa = PBXBuildFile; fileRef = 2F53F43A26274286006C1911 /* LaunchScreen.storyboard */; };
		2F53F4442627FA3F006C1911 /* PhotosViewController.swift in Sources */ = {isa = PBXBuildFile; fileRef = 2F53F4432627FA3F006C1911 /* PhotosViewController.swift */; };
		2F53F466262AB7AF006C1911 /* EditPhotoViewController.swift in Sources */ = {isa = PBXBuildFile; fileRef = 2F53F465262AB7AE006C1911 /* EditPhotoViewController.swift */; };
		2F53F46A262D9A36006C1911 /* EditPhotoInit.swift in Sources */ = {isa = PBXBuildFile; fileRef = 2F53F469262D9A36006C1911 /* EditPhotoInit.swift */; };
		2F53F4932632F479006C1911 /* Filter.swift in Sources */ = {isa = PBXBuildFile; fileRef = 2F53F4922632F478006C1911 /* Filter.swift */; };
		2F53F4952636A486006C1911 /* PhotosCollectionViewCell.swift in Sources */ = {isa = PBXBuildFile; fileRef = 2F53F4942636A485006C1911 /* PhotosCollectionViewCell.swift */; };
/* End PBXBuildFile section */

/* Begin PBXFileReference section */
		2F53F42C26274281006C1911 /* PhotoEditApp.app */ = {isa = PBXFileReference; explicitFileType = wrapper.application; includeInIndex = 0; path = PhotoEditApp.app; sourceTree = BUILT_PRODUCTS_DIR; };
		2F53F42F26274281006C1911 /* AppDelegate.swift */ = {isa = PBXFileReference; lastKnownFileType = sourcecode.swift; path = AppDelegate.swift; sourceTree = "<group>"; };
		2F53F43126274281006C1911 /* SceneDelegate.swift */ = {isa = PBXFileReference; lastKnownFileType = sourcecode.swift; path = SceneDelegate.swift; sourceTree = "<group>"; };
		2F53F43626274281006C1911 /* Base */ = {isa = PBXFileReference; lastKnownFileType = file.storyboard; name = Base; path = Base.lproj/Main.storyboard; sourceTree = "<group>"; };
		2F53F43826274286006C1911 /* Assets.xcassets */ = {isa = PBXFileReference; lastKnownFileType = folder.assetcatalog; path = Assets.xcassets; sourceTree = "<group>"; };
		2F53F43B26274286006C1911 /* Base */ = {isa = PBXFileReference; lastKnownFileType = file.storyboard; name = Base; path = Base.lproj/LaunchScreen.storyboard; sourceTree = "<group>"; };
		2F53F43D26274286006C1911 /* Info.plist */ = {isa = PBXFileReference; lastKnownFileType = text.plist.xml; path = Info.plist; sourceTree = "<group>"; };
		2F53F4432627FA3F006C1911 /* PhotosViewController.swift */ = {isa = PBXFileReference; lastKnownFileType = sourcecode.swift; path = PhotosViewController.swift; sourceTree = "<group>"; };
		2F53F465262AB7AE006C1911 /* EditPhotoViewController.swift */ = {isa = PBXFileReference; lastKnownFileType = sourcecode.swift; path = EditPhotoViewController.swift; sourceTree = "<group>"; };
		2F53F469262D9A36006C1911 /* EditPhotoInit.swift */ = {isa = PBXFileReference; lastKnownFileType = sourcecode.swift; path = EditPhotoInit.swift; sourceTree = "<group>"; };
		2F53F4922632F478006C1911 /* Filter.swift */ = {isa = PBXFileReference; lastKnownFileType = sourcecode.swift; path = Filter.swift; sourceTree = "<group>"; };
		2F53F4942636A485006C1911 /* PhotosCollectionViewCell.swift */ = {isa = PBXFileReference; lastKnownFileType = sourcecode.swift; path = PhotosCollectionViewCell.swift; sourceTree = "<group>"; };
/* End PBXFileReference section */

/* Begin PBXFrameworksBuildPhase section */
		2F53F42926274281006C1911 /* Frameworks */ = {
			isa = PBXFrameworksBuildPhase;
			buildActionMask = 2147483647;
			files = (
			);
			runOnlyForDeploymentPostprocessing = 0;
		};
/* End PBXFrameworksBuildPhase section */

/* Begin PBXGroup section */
		2F53F42326274281006C1911 = {
			isa = PBXGroup;
			children = (
				2F53F42E26274281006C1911 /* PhotoEditApp */,
				2F53F42D26274281006C1911 /* Products */,
			);
			sourceTree = "<group>";
		};
		2F53F42D26274281006C1911 /* Products */ = {
			isa = PBXGroup;
			children = (
				2F53F42C26274281006C1911 /* PhotoEditApp.app */,
			);
			name = Products;
			sourceTree = "<group>";
		};
		2F53F42E26274281006C1911 /* PhotoEditApp */ = {
			isa = PBXGroup;
			children = (
				2F53F42F26274281006C1911 /* AppDelegate.swift */,
				2F53F43126274281006C1911 /* SceneDelegate.swift */,
				2F53F4432627FA3F006C1911 /* PhotosViewController.swift */,
				2F53F4942636A485006C1911 /* PhotosCollectionViewCell.swift */,
				2F53F465262AB7AE006C1911 /* EditPhotoViewController.swift */,
				2F53F43526274281006C1911 /* Main.storyboard */,
				2F53F4922632F478006C1911 /* Filter.swift */,
				2F53F469262D9A36006C1911 /* EditPhotoInit.swift */,
				2F53F43826274286006C1911 /* Assets.xcassets */,
				2F53F43A26274286006C1911 /* LaunchScreen.storyboard */,
				2F53F43D26274286006C1911 /* Info.plist */,
			);
			path = PhotoEditApp;
			sourceTree = "<group>";
		};
/* End PBXGroup section */

/* Begin PBXNativeTarget section */
		2F53F42B26274281006C1911 /* PhotoEditApp */ = {
			isa = PBXNativeTarget;
			buildConfigurationList = 2F53F44026274286006C1911 /* Build configuration list for PBXNativeTarget "PhotoEditApp" */;
			buildPhases = (
				2F53F42826274281006C1911 /* Sources */,
				2F53F42926274281006C1911 /* Frameworks */,
				2F53F42A26274281006C1911 /* Resources */,
			);
			buildRules = (
			);
			dependencies = (
			);
			name = PhotoEditApp;
			productName = PhotoEditApp;
			productReference = 2F53F42C26274281006C1911 /* PhotoEditApp.app */;
			productType = "com.apple.product-type.application";
		};
/* End PBXNativeTarget section */

/* Begin PBXProject section */
		2F53F42426274281006C1911 /* Project object */ = {
			isa = PBXProject;
			attributes = {
				LastSwiftUpdateCheck = 1250;
				LastUpgradeCheck = 1250;
				TargetAttributes = {
					2F53F42B26274281006C1911 = {
						CreatedOnToolsVersion = 12.5;
					};
				};
			};
			buildConfigurationList = 2F53F42726274281006C1911 /* Build configuration list for PBXProject "PhotoEditApp" */;
			compatibilityVersion = "Xcode 9.3";
			developmentRegion = en;
			hasScannedForEncodings = 0;
			knownRegions = (
				en,
				Base,
			);
			mainGroup = 2F53F42326274281006C1911;
			productRefGroup = 2F53F42D26274281006C1911 /* Products */;
			projectDirPath = "";
			projectRoot = "";
			targets = (
				2F53F42B26274281006C1911 /* PhotoEditApp */,
			);
		};
/* End PBXProject section */

/* Begin PBXResourcesBuildPhase section */
		2F53F42A26274281006C1911 /* Resources */ = {
			isa = PBXResourcesBuildPhase;
			buildActionMask = 2147483647;
			files = (
				2F53F43C26274286006C1911 /* LaunchScreen.storyboard in Resources */,
				2F53F43926274286006C1911 /* Assets.xcassets in Resources */,
				2F53F43726274281006C1911 /* Main.storyboard in Resources */,
			);
			runOnlyForDeploymentPostprocessing = 0;
		};
/* End PBXResourcesBuildPhase section */

/* Begin PBXSourcesBuildPhase section */
		2F53F42826274281006C1911 /* Sources */ = {
			isa = PBXSourcesBuildPhase;
			buildActionMask = 2147483647;
			files = (
				2F53F4932632F479006C1911 /* Filter.swift in Sources */,
				2F53F4442627FA3F006C1911 /* PhotosViewController.swift in Sources */,
				2F53F43026274281006C1911 /* AppDelegate.swift in Sources */,
				2F53F43226274281006C1911 /* SceneDelegate.swift in Sources */,
				2F53F4952636A486006C1911 /* PhotosCollectionViewCell.swift in Sources */,
				2F53F466262AB7AF006C1911 /* EditPhotoViewController.swift in Sources */,
				2F53F46A262D9A36006C1911 /* EditPhotoInit.swift in Sources */,
			);
			runOnlyForDeploymentPostprocessing = 0;
		};
/* End PBXSourcesBuildPhase section */

/* Begin PBXVariantGroup section */
		2F53F43526274281006C1911 /* Main.storyboard */ = {
			isa = PBXVariantGroup;
			children = (
				2F53F43626274281006C1911 /* Base */,
			);
			name = Main.storyboard;
			sourceTree = "<group>";
		};
		2F53F43A26274286006C1911 /* LaunchScreen.storyboard */ = {
			isa = PBXVariantGroup;
			children = (
				2F53F43B26274286006C1911 /* Base */,
			);
			name = LaunchScreen.storyboard;
			sourceTree = "<group>";
		};
/* End PBXVariantGroup section */

/* Begin XCBuildConfiguration section */
		2F53F43E26274286006C1911 /* Debug */ = {
			isa = XCBuildConfiguration;
			buildSettings = {
				ALWAYS_SEARCH_USER_PATHS = NO;
				CLANG_ANALYZER_NONNULL = YES;
				CLANG_ANALYZER_NUMBER_OBJECT_CONVERSION = YES_AGGRESSIVE;
				CLANG_CXX_LANGUAGE_STANDARD = "gnu++14";
				CLANG_CXX_LIBRARY = "libc++";
				CLANG_ENABLE_MODULES = YES;
				CLANG_ENABLE_OBJC_ARC = YES;
				CLANG_ENABLE_OBJC_WEAK = YES;
				CLANG_WARN_BLOCK_CAPTURE_AUTORELEASING = YES;
				CLANG_WARN_BOOL_CONVERSION = YES;
				CLANG_WARN_COMMA = YES;
				CLANG_WARN_CONSTANT_CONVERSION = YES;
				CLANG_WARN_DEPRECATED_OBJC_IMPLEMENTATIONS = YES;
				CLANG_WARN_DIRECT_OBJC_ISA_USAGE = YES_ERROR;
				CLANG_WARN_DOCUMENTATION_COMMENTS = YES;
				CLANG_WARN_EMPTY_BODY = YES;
				CLANG_WARN_ENUM_CONVERSION = YES;
				CLANG_WARN_INFINITE_RECURSION = YES;
				CLANG_WARN_INT_CONVERSION = YES;
				CLANG_WARN_NON_LITERAL_NULL_CONVERSION = YES;
				CLANG_WARN_OBJC_IMPLICIT_RETAIN_SELF = YES;
				CLANG_WARN_OBJC_LITERAL_CONVERSION = YES;
				CLANG_WARN_OBJC_ROOT_CLASS = YES_ERROR;
				CLANG_WARN_QUOTED_INCLUDE_IN_FRAMEWORK_HEADER = YES;
				CLANG_WARN_RANGE_LOOP_ANALYSIS = YES;
				CLANG_WARN_STRICT_PROTOTYPES = YES;
				CLANG_WARN_SUSPICIOUS_MOVE = YES;
				CLANG_WARN_UNGUARDED_AVAILABILITY = YES_AGGRESSIVE;
				CLANG_WARN_UNREACHABLE_CODE = YES;
				CLANG_WARN__DUPLICATE_METHOD_MATCH = YES;
				COPY_PHASE_STRIP = NO;
				DEBUG_INFORMATION_FORMAT = dwarf;
				ENABLE_STRICT_OBJC_MSGSEND = YES;
				ENABLE_TESTABILITY = YES;
				GCC_C_LANGUAGE_STANDARD = gnu11;
				GCC_DYNAMIC_NO_PIC = NO;
				GCC_NO_COMMON_BLOCKS = YES;
				GCC_OPTIMIZATION_LEVEL = 0;
				GCC_PREPROCESSOR_DEFINITIONS = (
					"DEBUG=1",
					"$(inherited)",
				);
				GCC_WARN_64_TO_32_BIT_CONVERSION = YES;
				GCC_WARN_ABOUT_RETURN_TYPE = YES_ERROR;
				GCC_WARN_UNDECLARED_SELECTOR = YES;
				GCC_WARN_UNINITIALIZED_AUTOS = YES_AGGRESSIVE;
				GCC_WARN_UNUSED_FUNCTION = YES;
				GCC_WARN_UNUSED_VARIABLE = YES;
				IPHONEOS_DEPLOYMENT_TARGET = 14.5;
				MTL_ENABLE_DEBUG_INFO = INCLUDE_SOURCE;
				MTL_FAST_MATH = YES;
				ONLY_ACTIVE_ARCH = YES;
				SDKROOT = iphoneos;
				SWIFT_ACTIVE_COMPILATION_CONDITIONS = DEBUG;
				SWIFT_OPTIMIZATION_LEVEL = "-Onone";
			};
			name = Debug;
		};
		2F53F43F26274286006C1911 /* Release */ = {
			isa = XCBuildConfiguration;
			buildSettings = {
				ALWAYS_SEARCH_USER_PATHS = NO;
				CLANG_ANALYZER_NONNULL = YES;
				CLANG_ANALYZER_NUMBER_OBJECT_CONVERSION = YES_AGGRESSIVE;
				CLANG_CXX_LANGUAGE_STANDARD = "gnu++14";
				CLANG_CXX_LIBRARY = "libc++";
				CLANG_ENABLE_MODULES = YES;
				CLANG_ENABLE_OBJC_ARC = YES;
				CLANG_ENABLE_OBJC_WEAK = YES;
				CLANG_WARN_BLOCK_CAPTURE_AUTORELEASING = YES;
				CLANG_WARN_BOOL_CONVERSION = YES;
				CLANG_WARN_COMMA = YES;
				CLANG_WARN_CONSTANT_CONVERSION = YES;
				CLANG_WARN_DEPRECATED_OBJC_IMPLEMENTATIONS = YES;
				CLANG_WARN_DIRECT_OBJC_ISA_USAGE = YES_ERROR;
				CLANG_WARN_DOCUMENTATION_COMMENTS = YES;
				CLANG_WARN_EMPTY_BODY = YES;
				CLANG_WARN_ENUM_CONVERSION = YES;
				CLANG_WARN_INFINITE_RECURSION = YES;
				CLANG_WARN_INT_CONVERSION = YES;
				CLANG_WARN_NON_LITERAL_NULL_CONVERSION = YES;
				CLANG_WARN_OBJC_IMPLICIT_RETAIN_SELF = YES;
				CLANG_WARN_OBJC_LITERAL_CONVERSION = YES;
				CLANG_WARN_OBJC_ROOT_CLASS = YES_ERROR;
				CLANG_WARN_QUOTED_INCLUDE_IN_FRAMEWORK_HEADER = YES;
				CLANG_WARN_RANGE_LOOP_ANALYSIS = YES;
				CLANG_WARN_STRICT_PROTOTYPES = YES;
				CLANG_WARN_SUSPICIOUS_MOVE = YES;
				CLANG_WARN_UNGUARDED_AVAILABILITY = YES_AGGRESSIVE;
				CLANG_WARN_UNREACHABLE_CODE = YES;
				CLANG_WARN__DUPLICATE_METHOD_MATCH = YES;
				COPY_PHASE_STRIP = NO;
				DEBUG_INFORMATION_FORMAT = "dwarf-with-dsym";
				ENABLE_NS_ASSERTIONS = NO;
				ENABLE_STRICT_OBJC_MSGSEND = YES;
				GCC_C_LANGUAGE_STANDARD = gnu11;
				GCC_NO_COMMON_BLOCKS = YES;
				GCC_WARN_64_TO_32_BIT_CONVERSION = YES;
				GCC_WARN_ABOUT_RETURN_TYPE = YES_ERROR;
				GCC_WARN_UNDECLARED_SELECTOR = YES;
				GCC_WARN_UNINITIALIZED_AUTOS = YES_AGGRESSIVE;
				GCC_WARN_UNUSED_FUNCTION = YES;
				GCC_WARN_UNUSED_VARIABLE = YES;
				IPHONEOS_DEPLOYMENT_TARGET = 14.5;
				MTL_ENABLE_DEBUG_INFO = NO;
				MTL_FAST_MATH = YES;
				SDKROOT = iphoneos;
				SWIFT_COMPILATION_MODE = wholemodule;
				SWIFT_OPTIMIZATION_LEVEL = "-O";
				VALIDATE_PRODUCT = YES;
			};
			name = Release;
		};
		2F53F44126274286006C1911 /* Debug */ = {
			isa = XCBuildConfiguration;
			buildSettings = {
				ASSETCATALOG_COMPILER_APPICON_NAME = AppIcon;
				ASSETCATALOG_COMPILER_GLOBAL_ACCENT_COLOR_NAME = AccentColor;
				CODE_SIGN_STYLE = Automatic;
				DEVELOPMENT_TEAM = HGQW468FVZ;
				INFOPLIST_FILE = PhotoEditApp/Info.plist;
				LD_RUNPATH_SEARCH_PATHS = (
					"$(inherited)",
					"@executable_path/Frameworks",
				);
				PRODUCT_BUNDLE_IDENTIFIER = tw.Billy.PhotoEditApp;
				PRODUCT_NAME = "$(TARGET_NAME)";
				SWIFT_VERSION = 5.0;
				TARGETED_DEVICE_FAMILY = "1,2";
			};
			name = Debug;
		};
		2F53F44226274286006C1911 /* Release */ = {
			isa = XCBuildConfiguration;
			buildSettings = {
				ASSETCATALOG_COMPILER_APPICON_NAME = AppIcon;
				ASSETCATALOG_COMPILER_GLOBAL_ACCENT_COLOR_NAME = AccentColor;
				CODE_SIGN_STYLE = Automatic;
				DEVELOPMENT_TEAM = HGQW468FVZ;
				INFOPLIST_FILE = PhotoEditApp/Info.plist;
				LD_RUNPATH_SEARCH_PATHS = (
					"$(inherited)",
					"@executable_path/Frameworks",
				);
				PRODUCT_BUNDLE_IDENTIFIER = tw.Billy.PhotoEditApp;
				PRODUCT_NAME = "$(TARGET_NAME)";
				SWIFT_VERSION = 5.0;
				TARGETED_DEVICE_FAMILY = "1,2";
			};
			name = Release;
		};
/* End XCBuildConfiguration section */

/* Begin XCConfigurationList section */
		2F53F42726274281006C1911 /* Build configuration list for PBXProject "PhotoEditApp" */ = {
			isa = XCConfigurationList;
			buildConfigurations = (
				2F53F43E26274286006C1911 /* Debug */,
				2F53F43F26274286006C1911 /* Release */,
			);
			defaultConfigurationIsVisible = 0;
			defaultConfigurationName = Release;
		};
		2F53F44026274286006C1911 /* Build configuration list for PBXNativeTarget "PhotoEditApp" */ = {
			isa = XCConfigurationList;
			buildConfigurations = (
				2F53F44126274286006C1911 /* Debug */,
				2F53F44226274286006C1911 /* Release */,
			);
			defaultConfigurationIsVisible = 0;
			defaultConfigurationName = Release;
		};
/* End XCConfigurationList section */
	};
	rootObject = 2F53F42426274281006C1911 /* Project object */;
}
